
Microsoft Visual Studio Solution File, Format Version 12.00
Project("{FAE04EC0-301F-11D3-BF4B-00C04F79EFBC}") = "Pascal--", "Pascal--\Pascal--.csproj", "{5323E1EA-175B-40D8-A1E0-23728C0CB7FA}"
EndProject
Project("{FAE04EC0-301F-11D3-BF4B-00C04F79EFBC}") = "Lexer", "Lexer\Lexer.csproj", "{C5899199-BA6F-4092-820F-78C64B0E0E6B}"
EndProject
Global
	GlobalSection(SolutionConfigurationPlatforms) = preSolution
		Debug|Any CPU = Debug|Any CPU
		Release|Any CPU = Release|Any CPU
	EndGlobalSection
	GlobalSection(ProjectConfigurationPlatforms) = postSolution
		{5323E1EA-175B-40D8-A1E0-23728C0CB7FA}.Debug|Any CPU.ActiveCfg = Debug|Any CPU
		{5323E1EA-175B-40D8-A1E0-23728C0CB7FA}.Debug|Any CPU.Build.0 = Debug|Any CPU
		{5323E1EA-175B-40D8-A1E0-23728C0CB7FA}.Release|Any CPU.ActiveCfg = Release|Any CPU
		{5323E1EA-175B-40D8-A1E0-23728C0CB7FA}.Release|Any CPU.Build.0 = Release|Any CPU
		{C5899199-BA6F-4092-820F-78C64B0E0E6B}.Debug|Any CPU.ActiveCfg = Debug|Any CPU
		{C5899199-BA6F-4092-820F-78C64B0E0E6B}.Debug|Any CPU.Build.0 = Debug|Any CPU
		{C5899199-BA6F-4092-820F-78C64B0E0E6B}.Release|Any CPU.ActiveCfg = Release|Any CPU
		{C5899199-BA6F-4092-820F-78C64B0E0E6B}.Release|Any CPU.Build.0 = Release|Any CPU
	EndGlobalSection
EndGlobal
